
Microsoft Visual Studio Solution File, Format Version 12.00
# Visual Studio Version 17
VisualStudioVersion = 17.3.32929.385
MinimumVisualStudioVersion = 10.0.40219.1
Project("{FAE04EC0-301F-11D3-BF4B-00C04F79EFBC}") = "lab2-cs", "lab2-cs\lab2-cs.csproj", "{87910580-E28E-4808-9461-6ECF45BC86FA}"
EndProject
Global
	GlobalSection(SolutionConfigurationPlatforms) = preSolution
		Debug|Any CPU = Debug|Any CPU
		Release|Any CPU = Release|Any CPU
	EndGlobalSection
	GlobalSection(ProjectConfigurationPlatforms) = postSolution
		{87910580-E28E-4808-9461-6ECF45BC86FA}.Debug|Any CPU.ActiveCfg = Debug|Any CPU
		{87910580-E28E-4808-9461-6ECF45BC86FA}.Debug|Any CPU.Build.0 = Debug|Any CPU
		{87910580-E28E-4808-9461-6ECF45BC86FA}.Release|Any CPU.ActiveCfg = Release|Any CPU
		{87910580-E28E-4808-9461-6ECF45BC86FA}.Release|Any CPU.Build.0 = Release|Any CPU
	EndGlobalSection
	GlobalSection(SolutionProperties) = preSolution
		HideSolutionNode = FALSE
	EndGlobalSection
	GlobalSection(ExtensibilityGlobals) = postSolution
		SolutionGuid = {0167A8EF-32CF-4C68-9539-7BC99DB6A99A}
	EndGlobalSection
EndGlobal
